
Microsoft Visual Studio Solution File, Format Version 12.00
# Visual Studio Version 16
VisualStudioVersion = 16.0.29911.84
MinimumVisualStudioVersion = 10.0.40219.1
Project("{FAE04EC0-301F-11D3-BF4B-00C04F79EFBC}") = "ADOSample", "ADOSample\ADOSample.csproj", "{50C3272D-AA16-4E2B-ADDE-FE6814BAEFD0}"
EndProject
Project("{FAE04EC0-301F-11D3-BF4B-00C04F79EFBC}") = "Chapter10", "Chapter10\Chapter10.csproj", "{AA58BABD-601E-4F03-9416-F99D3E8E8DA4}"
EndProject
Project("{FAE04EC0-301F-11D3-BF4B-00C04F79EFBC}") = "Chapter11", "Chapter11\Chapter11.csproj", "{AA2A930A-084F-46C0-91CB-C645198F884F}"
EndProject
Global
	GlobalSection(SolutionConfigurationPlatforms) = preSolution
		Debug|Any CPU = Debug|Any CPU
		Release|Any CPU = Release|Any CPU
	EndGlobalSection
	GlobalSection(ProjectConfigurationPlatforms) = postSolution
		{50C3272D-AA16-4E2B-ADDE-FE6814BAEFD0}.Debug|Any CPU.ActiveCfg = Debug|Any CPU
		{50C3272D-AA16-4E2B-ADDE-FE6814BAEFD0}.Debug|Any CPU.Build.0 = Debug|Any CPU
		{50C3272D-AA16-4E2B-ADDE-FE6814BAEFD0}.Release|Any CPU.ActiveCfg = Release|Any CPU
		{50C3272D-AA16-4E2B-ADDE-FE6814BAEFD0}.Release|Any CPU.Build.0 = Release|Any CPU
		{AA58BABD-601E-4F03-9416-F99D3E8E8DA4}.Debug|Any CPU.ActiveCfg = Debug|Any CPU
		{AA58BABD-601E-4F03-9416-F99D3E8E8DA4}.Debug|Any CPU.Build.0 = Debug|Any CPU
		{AA58BABD-601E-4F03-9416-F99D3E8E8DA4}.Release|Any CPU.ActiveCfg = Release|Any CPU
		{AA58BABD-601E-4F03-9416-F99D3E8E8DA4}.Release|Any CPU.Build.0 = Release|Any CPU
		{AA2A930A-084F-46C0-91CB-C645198F884F}.Debug|Any CPU.ActiveCfg = Debug|Any CPU
		{AA2A930A-084F-46C0-91CB-C645198F884F}.Debug|Any CPU.Build.0 = Debug|Any CPU
		{AA2A930A-084F-46C0-91CB-C645198F884F}.Release|Any CPU.ActiveCfg = Release|Any CPU
		{AA2A930A-084F-46C0-91CB-C645198F884F}.Release|Any CPU.Build.0 = Release|Any CPU
	EndGlobalSection
	GlobalSection(SolutionProperties) = preSolution
		HideSolutionNode = FALSE
	EndGlobalSection
	GlobalSection(ExtensibilityGlobals) = postSolution
		SolutionGuid = {5F67A932-7902-43C1-906F-650DCDA9D6A2}
	EndGlobalSection
EndGlobal
